
Microsoft Visual Studio Solution File, Format Version 11.00
# Visual C++ Express 2010
Project("{8BC9CEB8-8B4A-11D0-8D11-00A0C91BC942}") = "prob1", "prob1\prob1.vcxproj", "{687CE92F-E5DE-4AF1-94B2-8B7E548890D3}"
EndProject
Global
	GlobalSection(SolutionConfigurationPlatforms) = preSolution
		Debug|Win32 = Debug|Win32
		Release|Win32 = Release|Win32
	EndGlobalSection
	GlobalSection(ProjectConfigurationPlatforms) = postSolution
		{687CE92F-E5DE-4AF1-94B2-8B7E548890D3}.Debug|Win32.ActiveCfg = Debug|Win32
		{687CE92F-E5DE-4AF1-94B2-8B7E548890D3}.Debug|Win32.Build.0 = Debug|Win32
		{687CE92F-E5DE-4AF1-94B2-8B7E548890D3}.Release|Win32.ActiveCfg = Release|Win32
		{687CE92F-E5DE-4AF1-94B2-8B7E548890D3}.Release|Win32.Build.0 = Release|Win32
	EndGlobalSection
	GlobalSection(SolutionProperties) = preSolution
		HideSolutionNode = FALSE
	EndGlobalSection
EndGlobal
