
Microsoft Visual Studio Solution File, Format Version 11.00
# Visual C++ Express 2010
Project("{8BC9CEB8-8B4A-11D0-8D11-00A0C91BC942}") = "Assignment2-2", "Assignment2-2\Assignment2-2.vcxproj", "{5AFA66FB-9AF7-4CBF-BFF8-5456C71D7577}"
EndProject
Global
	GlobalSection(SolutionConfigurationPlatforms) = preSolution
		Debug|Win32 = Debug|Win32
		Release|Win32 = Release|Win32
	EndGlobalSection
	GlobalSection(ProjectConfigurationPlatforms) = postSolution
		{5AFA66FB-9AF7-4CBF-BFF8-5456C71D7577}.Debug|Win32.ActiveCfg = Debug|Win32
		{5AFA66FB-9AF7-4CBF-BFF8-5456C71D7577}.Debug|Win32.Build.0 = Debug|Win32
		{5AFA66FB-9AF7-4CBF-BFF8-5456C71D7577}.Release|Win32.ActiveCfg = Release|Win32
		{5AFA66FB-9AF7-4CBF-BFF8-5456C71D7577}.Release|Win32.Build.0 = Release|Win32
	EndGlobalSection
	GlobalSection(SolutionProperties) = preSolution
		HideSolutionNode = FALSE
	EndGlobalSection
EndGlobal
