
Microsoft Visual Studio Solution File, Format Version 11.00
# Visual Studio 2010
Project("{8BC9CEB8-8B4A-11D0-8D11-00A0C91BC942}") = "prob2", "prob2\prob2.vcxproj", "{101B7B1E-6C7C-41F8-A803-D5097F66605B}"
EndProject
Global
	GlobalSection(SolutionConfigurationPlatforms) = preSolution
		Debug|Win32 = Debug|Win32
		Release|Win32 = Release|Win32
	EndGlobalSection
	GlobalSection(ProjectConfigurationPlatforms) = postSolution
		{101B7B1E-6C7C-41F8-A803-D5097F66605B}.Debug|Win32.ActiveCfg = Debug|Win32
		{101B7B1E-6C7C-41F8-A803-D5097F66605B}.Debug|Win32.Build.0 = Debug|Win32
		{101B7B1E-6C7C-41F8-A803-D5097F66605B}.Release|Win32.ActiveCfg = Release|Win32
		{101B7B1E-6C7C-41F8-A803-D5097F66605B}.Release|Win32.Build.0 = Release|Win32
	EndGlobalSection
	GlobalSection(SolutionProperties) = preSolution
		HideSolutionNode = FALSE
	EndGlobalSection
EndGlobal
