
Microsoft Visual Studio Solution File, Format Version 11.00
# Visual C++ Express 2010
Project("{8BC9CEB8-8B4A-11D0-8D11-00A0C91BC942}") = "prob4", "prob4\prob4.vcxproj", "{C2EE5B0F-0F40-46BB-9146-B0489277F0FE}"
EndProject
Global
	GlobalSection(SolutionConfigurationPlatforms) = preSolution
		Debug|Win32 = Debug|Win32
		Release|Win32 = Release|Win32
	EndGlobalSection
	GlobalSection(ProjectConfigurationPlatforms) = postSolution
		{C2EE5B0F-0F40-46BB-9146-B0489277F0FE}.Debug|Win32.ActiveCfg = Debug|Win32
		{C2EE5B0F-0F40-46BB-9146-B0489277F0FE}.Debug|Win32.Build.0 = Debug|Win32
		{C2EE5B0F-0F40-46BB-9146-B0489277F0FE}.Release|Win32.ActiveCfg = Release|Win32
		{C2EE5B0F-0F40-46BB-9146-B0489277F0FE}.Release|Win32.Build.0 = Release|Win32
	EndGlobalSection
	GlobalSection(SolutionProperties) = preSolution
		HideSolutionNode = FALSE
	EndGlobalSection
EndGlobal
