
Microsoft Visual Studio Solution File, Format Version 11.00
# Visual C++ Express 2010
Project("{8BC9CEB8-8B4A-11D0-8D11-00A0C91BC942}") = "Assignment1-6", "Assignment1-6\Assignment1-6.vcxproj", "{E4E6F6B1-D177-4DFE-84E5-BA4E85E9406B}"
EndProject
Global
	GlobalSection(SolutionConfigurationPlatforms) = preSolution
		Debug|Win32 = Debug|Win32
		Release|Win32 = Release|Win32
	EndGlobalSection
	GlobalSection(ProjectConfigurationPlatforms) = postSolution
		{E4E6F6B1-D177-4DFE-84E5-BA4E85E9406B}.Debug|Win32.ActiveCfg = Debug|Win32
		{E4E6F6B1-D177-4DFE-84E5-BA4E85E9406B}.Debug|Win32.Build.0 = Debug|Win32
		{E4E6F6B1-D177-4DFE-84E5-BA4E85E9406B}.Release|Win32.ActiveCfg = Release|Win32
		{E4E6F6B1-D177-4DFE-84E5-BA4E85E9406B}.Release|Win32.Build.0 = Release|Win32
	EndGlobalSection
	GlobalSection(SolutionProperties) = preSolution
		HideSolutionNode = FALSE
	EndGlobalSection
EndGlobal
